// !$*UTF8*$!
{
	archiveVersion = 1;
	classes = {};
	objectVersion = 56;
	objects = {
		A00000000000000000000001 /* Vitela.app */ = { isa = PBXFileReference; explicitFileType = wrapper.application; includeInIndex = 0; path = Vitela.app; sourceTree = BUILT_PRODUCTS_DIR; };
		A00000000000000000000002 /* VitelaTests.xctest */ = { isa = PBXFileReference; explicitFileType = wrapper.cfbundle; includeInIndex = 0; path = VitelaTests.xctest; sourceTree = BUILT_PRODUCTS_DIR; };
		A00000000000000000000004 /* Vitela */ = { isa = PBXGroup; children = (A00000000000000000000011 /* PdfCoreClient.swift */, A00000000000000000000012 /* ViewerStore.swift */, A00000000000000000000013 /* ViewerViewModel.swift */, A00000000000000000000014 /* VitelaApp.swift */, A00000000000000000000018 /* Views */); path = Vitela; sourceTree = "<group>"; };
		A00000000000000000000005 /* VitelaTests */ = { isa = PBXGroup; children = (A00000000000000000000015 /* ViewerStoreTests.swift */, A00000000000000000000016 /* ViewerViewModelTests.swift */); path = VitelaTests; sourceTree = "<group>"; };
		A00000000000000000000007 /* Generated */ = { isa = PBXGroup; children = (A00000000000000000000017 /* pdf_ffi.swift */); path = Generated; sourceTree = "<group>"; };
		A00000000000000000000008 /* Products */ = { isa = PBXGroup; children = (A00000000000000000000001 /* Vitela.app */, A00000000000000000000002 /* VitelaTests.xctest */); name = Products; sourceTree = "<group>"; };
		A00000000000000000000009 /* Main Group */ = { isa = PBXGroup; children = (A00000000000000000000004 /* Vitela */, A00000000000000000000005 /* VitelaTests */, A00000000000000000000007 /* Generated */, A00000000000000000000008 /* Products */); sourceTree = "<group>"; };
		A00000000000000000000011 /* PdfCoreClient.swift */ = { isa = PBXFileReference; lastKnownFileType = sourcecode.swift; path = PdfCoreClient.swift; sourceTree = "<group>"; };
		A00000000000000000000012 /* ViewerStore.swift */ = { isa = PBXFileReference; lastKnownFileType = sourcecode.swift; path = ViewerStore.swift; sourceTree = "<group>"; };
		A00000000000000000000013 /* ViewerViewModel.swift */ = { isa = PBXFileReference; lastKnownFileType = sourcecode.swift; path = ViewerViewModel.swift; sourceTree = "<group>"; };
		A00000000000000000000014 /* VitelaApp.swift */ = { isa = PBXFileReference; lastKnownFileType = sourcecode.swift; path = VitelaApp.swift; sourceTree = "<group>"; };
		A00000000000000000000015 /* ViewerStoreTests.swift */ = { isa = PBXFileReference; lastKnownFileType = sourcecode.swift; path = ViewerStoreTests.swift; sourceTree = "<group>"; };
		A00000000000000000000016 /* ViewerViewModelTests.swift */ = { isa = PBXFileReference; lastKnownFileType = sourcecode.swift; path = ViewerViewModelTests.swift; sourceTree = "<group>"; };
		A00000000000000000000017 /* pdf_ffi.swift */ = { isa = PBXFileReference; lastKnownFileType = sourcecode.swift; path = pdf_ffi.swift; sourceTree = "<group>"; };
		A00000000000000000000018 /* Views */ = { isa = PBXGroup; children = (A00000000000000000000019 /* ViewerRootView.swift */, A00000000000000000000020 /* PageView.swift */, A00000000000000000000021 /* RenderedPage+Image.swift */); path = Views; sourceTree = "<group>"; };
		A00000000000000000000019 /* ViewerRootView.swift */ = { isa = PBXFileReference; lastKnownFileType = sourcecode.swift; path = ViewerRootView.swift; sourceTree = "<group>"; };
		A00000000000000000000020 /* PageView.swift */ = { isa = PBXFileReference; lastKnownFileType = sourcecode.swift; path = PageView.swift; sourceTree = "<group>"; };
		A00000000000000000000021 /* RenderedPage+Image.swift */ = { isa = PBXFileReference; lastKnownFileType = sourcecode.swift; path = "RenderedPage+Image.swift"; sourceTree = "<group>"; };
		B00000000000000000000001 /* PdfCoreClient.swift in Sources */ = { isa = PBXBuildFile; fileRef = A00000000000000000000011 /* PdfCoreClient.swift */; };
		B00000000000000000000002 /* ViewerStore.swift in Sources */ = { isa = PBXBuildFile; fileRef = A00000000000000000000012 /* ViewerStore.swift */; };
		B00000000000000000000003 /* ViewerViewModel.swift in Sources */ = { isa = PBXBuildFile; fileRef = A00000000000000000000013 /* ViewerViewModel.swift */; };
		B00000000000000000000004 /* VitelaApp.swift in Sources */ = { isa = PBXBuildFile; fileRef = A00000000000000000000014 /* VitelaApp.swift */; };
		B00000000000000000000005 /* pdf_ffi.swift in Sources */ = { isa = PBXBuildFile; fileRef = A00000000000000000000017 /* pdf_ffi.swift */; };
		B00000000000000000000006 /* ViewerStoreTests.swift in Sources */ = { isa = PBXBuildFile; fileRef = A00000000000000000000015 /* ViewerStoreTests.swift */; };
		B00000000000000000000007 /* ViewerViewModelTests.swift in Sources */ = { isa = PBXBuildFile; fileRef = A00000000000000000000016 /* ViewerViewModelTests.swift */; };
		B00000000000000000000008 /* ViewerRootView.swift in Sources */ = { isa = PBXBuildFile; fileRef = A00000000000000000000019 /* ViewerRootView.swift */; };
		B00000000000000000000009 /* PageView.swift in Sources */ = { isa = PBXBuildFile; fileRef = A00000000000000000000020 /* PageView.swift */; };
		B00000000000000000000010 /* RenderedPage+Image.swift in Sources */ = { isa = PBXBuildFile; fileRef = A00000000000000000000021 /* RenderedPage+Image.swift */; };
		C00000000000000000000001 /* Sources */ = { isa = PBXSourcesBuildPhase; buildActionMask = 2147483647; files = (B00000000000000000000001 /* PdfCoreClient.swift in Sources */, B00000000000000000000002 /* ViewerStore.swift in Sources */, B00000000000000000000003 /* ViewerViewModel.swift in Sources */, B00000000000000000000004 /* VitelaApp.swift in Sources */, B00000000000000000000008 /* ViewerRootView.swift in Sources */, B00000000000000000000009 /* PageView.swift in Sources */, B00000000000000000000010 /* RenderedPage+Image.swift in Sources */, B00000000000000000000005 /* pdf_ffi.swift in Sources */); runOnlyForDeploymentPostprocessing = 0; };
		C00000000000000000000002 /* Sources */ = { isa = PBXSourcesBuildPhase; buildActionMask = 2147483647; files = (B00000000000000000000006 /* ViewerStoreTests.swift in Sources */, B00000000000000000000007 /* ViewerViewModelTests.swift in Sources */); runOnlyForDeploymentPostprocessing = 0; };
		C00000000000000000000004 /* Bundle Rust dylibs */ = { isa = PBXShellScriptBuildPhase; alwaysOutOfDate = 1; buildActionMask = 2147483647; files = (); inputPaths = (); name = "Bundle Rust dylibs"; outputPaths = (); runOnlyForDeploymentPostprocessing = 0; shellPath = /bin/bash; shellScript = "# Bundles the two dylibs the app loads at runtime. This runs inside the\n# Xcode build, not only in scripts/build-macos.sh, so that `xcodebuild test`\n# also produces a test host that can actually launch.\nset -euo pipefail\nrepo_root=\"$SRCROOT/../..\"\nframeworks=\"$TARGET_BUILD_DIR/$FRAMEWORKS_FOLDER_PATH\"\nmkdir -p \"$frameworks\"\n\nffi=\"$repo_root/target/release/libpdf_ffi.dylib\"\nif [ ! -f \"$ffi\" ]; then\n  echo \"error: $ffi is missing - run 'cargo build -p pdf-ffi --release' (or scripts/build-macos.sh --assemble) first\" >&2\n  exit 1\nfi\ncp -f \"$ffi\" \"$frameworks/libpdf_ffi.dylib\"\n\n# Resolution order mirrors core/pdf-render/src/library.rs: explicit override\n# first, vendored dev copy second.\npdfium=\"${PDFIUM_DYLIB:-$repo_root/core/pdf-render/vendor/pdfium/lib/libpdfium.dylib}\"\nif [ ! -f \"$pdfium\" ]; then\n  echo \"error: no libpdfium.dylib at '$pdfium' - set PDFIUM_DYLIB to the pinned build\" >&2\n  exit 1\nfi\ncp -f \"$pdfium\" \"$frameworks/libpdfium.dylib\"\n"; };
		D00000000000000000000001 /* Vitela */ = { isa = PBXNativeTarget; buildConfigurationList = E00000000000000000000001 /* Build configuration list for PBXNativeTarget "Vitela" */; buildPhases = (C00000000000000000000001 /* Sources */, C00000000000000000000004 /* Bundle Rust dylibs */); buildRules = (); dependencies = (); name = Vitela; productName = Vitela; productReference = A00000000000000000000001 /* Vitela.app */; productType = "com.apple.product-type.application"; };
		D00000000000000000000002 /* VitelaTests */ = { isa = PBXNativeTarget; buildConfigurationList = E00000000000000000000002 /* Build configuration list for PBXNativeTarget "VitelaTests" */; buildPhases = (C00000000000000000000002 /* Sources */); buildRules = (); dependencies = (F00000000000000000000001 /* PBXTargetDependency */); name = VitelaTests; productName = VitelaTests; productReference = A00000000000000000000002 /* VitelaTests.xctest */; productType = "com.apple.product-type.bundle.unit-test"; };
		F00000000000000000000001 /* PBXTargetDependency */ = { isa = PBXTargetDependency; target = D00000000000000000000001 /* Vitela */; };
		A00000000000000000000010 /* Project object */ = { isa = PBXProject; attributes = { BuildIndependentTargetsInParallel = YES; LastUpgradeCheck = 1600; }; buildConfigurationList = E00000000000000000000004 /* Build configuration list for PBXProject "Vitela" */; compatibilityVersion = "Xcode 14.0"; developmentRegion = en; hasScannedForEncodings = 0; mainGroup = A00000000000000000000009 /* Main Group */; productRefGroup = A00000000000000000000008 /* Products */; projectDirPath = ""; projectRoot = ""; targets = (D00000000000000000000001 /* Vitela */, D00000000000000000000002 /* VitelaTests */); };
		E00000000000000000000011 /* Debug */ = { isa = XCBuildConfiguration; buildSettings = { CODE_SIGNING_ALLOWED = NO; CURRENT_PROJECT_VERSION = 1; ENABLE_TESTABILITY = YES; GENERATE_INFOPLIST_FILE = YES; INFOPLIST_KEY_CFBundleDisplayName = Vitela; INFOPLIST_KEY_LSApplicationCategoryType = "public.app-category.productivity"; INFOPLIST_KEY_NSPrincipalClass = NSApplication; LD_RUNPATH_SEARCH_PATHS = "@executable_path/../Frameworks"; LIBRARY_SEARCH_PATHS = "$(SRCROOT)/../../target/release"; MACOSX_DEPLOYMENT_TARGET = 11.0; MARKETING_VERSION = 0.1.0; OTHER_LDFLAGS = "-lpdf_ffi"; PRODUCT_BUNDLE_IDENTIFIER = dev.vitela.viewer; PRODUCT_NAME = "$(TARGET_NAME)"; SDKROOT = macosx; SWIFT_INCLUDE_PATHS = "$(SRCROOT)/Generated"; SWIFT_OPTIMIZATION_LEVEL = "-Onone"; SWIFT_VERSION = 5.7; }; name = Debug; };
		E00000000000000000000012 /* Release */ = { isa = XCBuildConfiguration; buildSettings = { CODE_SIGNING_ALLOWED = NO; CURRENT_PROJECT_VERSION = 1; GENERATE_INFOPLIST_FILE = YES; INFOPLIST_KEY_CFBundleDisplayName = Vitela; INFOPLIST_KEY_LSApplicationCategoryType = "public.app-category.productivity"; INFOPLIST_KEY_NSPrincipalClass = NSApplication; LD_RUNPATH_SEARCH_PATHS = "@executable_path/../Frameworks"; LIBRARY_SEARCH_PATHS = "$(SRCROOT)/../../target/release"; MACOSX_DEPLOYMENT_TARGET = 11.0; MARKETING_VERSION = 0.1.0; OTHER_LDFLAGS = "-lpdf_ffi"; PRODUCT_BUNDLE_IDENTIFIER = dev.vitela.viewer; PRODUCT_NAME = "$(TARGET_NAME)"; SDKROOT = macosx; SWIFT_INCLUDE_PATHS = "$(SRCROOT)/Generated"; SWIFT_OPTIMIZATION_LEVEL = "-O"; SWIFT_VERSION = 5.7; }; name = Release; };
		E00000000000000000000001 /* Build configuration list for PBXNativeTarget "Vitela" */ = { isa = XCConfigurationList; buildConfigurations = (E00000000000000000000011 /* Debug */, E00000000000000000000012 /* Release */); defaultConfigurationIsVisible = 0; defaultConfigurationName = Release; };
		E00000000000000000000013 /* Debug */ = { isa = XCBuildConfiguration; buildSettings = { BUNDLE_LOADER = "$(TEST_HOST)"; CODE_SIGNING_ALLOWED = NO; ENABLE_TESTABILITY = YES; GENERATE_INFOPLIST_FILE = YES; LD_RUNPATH_SEARCH_PATHS = "@executable_path/../Frameworks @loader_path/../Frameworks"; LIBRARY_SEARCH_PATHS = "$(SRCROOT)/../../target/release"; MACOSX_DEPLOYMENT_TARGET = 11.0; OTHER_LDFLAGS = "-lpdf_ffi"; PRODUCT_BUNDLE_IDENTIFIER = dev.vitela.viewer.tests; PRODUCT_NAME = "$(TARGET_NAME)"; SDKROOT = macosx; SWIFT_INCLUDE_PATHS = "$(SRCROOT)/Generated"; SWIFT_OPTIMIZATION_LEVEL = "-Onone"; SWIFT_VERSION = 5.7; TEST_HOST = "$(BUILT_PRODUCTS_DIR)/Vitela.app/Contents/MacOS/Vitela"; }; name = Debug; };
		E00000000000000000000014 /* Release */ = { isa = XCBuildConfiguration; buildSettings = { BUNDLE_LOADER = "$(TEST_HOST)"; CODE_SIGNING_ALLOWED = NO; ENABLE_TESTABILITY = YES; GENERATE_INFOPLIST_FILE = YES; LD_RUNPATH_SEARCH_PATHS = "@executable_path/../Frameworks @loader_path/../Frameworks"; LIBRARY_SEARCH_PATHS = "$(SRCROOT)/../../target/release"; MACOSX_DEPLOYMENT_TARGET = 11.0; OTHER_LDFLAGS = "-lpdf_ffi"; PRODUCT_BUNDLE_IDENTIFIER = dev.vitela.viewer.tests; PRODUCT_NAME = "$(TARGET_NAME)"; SDKROOT = macosx; SWIFT_INCLUDE_PATHS = "$(SRCROOT)/Generated"; SWIFT_VERSION = 5.7; TEST_HOST = "$(BUILT_PRODUCTS_DIR)/Vitela.app/Contents/MacOS/Vitela"; }; name = Release; };
		E00000000000000000000002 /* Build configuration list for PBXNativeTarget "VitelaTests" */ = { isa = XCConfigurationList; buildConfigurations = (E00000000000000000000013 /* Debug */, E00000000000000000000014 /* Release */); defaultConfigurationIsVisible = 0; defaultConfigurationName = Release; };
		E00000000000000000000017 /* Debug */ = { isa = XCBuildConfiguration; buildSettings = { ARCHS = "$(NATIVE_ARCH_ACTUAL)"; MACOSX_DEPLOYMENT_TARGET = 11.0; ONLY_ACTIVE_ARCH = YES; SDKROOT = macosx; }; name = Debug; };
		E00000000000000000000018 /* Release */ = { isa = XCBuildConfiguration; buildSettings = { ARCHS = "$(NATIVE_ARCH_ACTUAL)"; MACOSX_DEPLOYMENT_TARGET = 11.0; SDKROOT = macosx; }; name = Release; };
		E00000000000000000000004 /* Build configuration list for PBXProject "Vitela" */ = { isa = XCConfigurationList; buildConfigurations = (E00000000000000000000017 /* Debug */, E00000000000000000000018 /* Release */); defaultConfigurationIsVisible = 0; defaultConfigurationName = Release; };
	};
	rootObject = A00000000000000000000010 /* Project object */;
}
